
Microsoft Visual Studio Solution File, Format Version 12.00
# Visual Studio 2015
Project("{FAE04EC0-301F-11D3-BF4B-00C04F79EFBC}") = "unet_learningLLapi.CSharp.Plugins", "unet_learningLLapi.CSharp.Plugins.csproj", "{F55AEED3-2C95-4FE5-0F13-F33116DBBD29}"
EndProject
Project("{FAE04EC0-301F-11D3-BF4B-00C04F79EFBC}") = "unet_learningLLapi.CSharp", "unet_learningLLapi.CSharp.csproj", "{8004907C-3333-7B78-A179-9F859E2AF100}"
EndProject
Global
	GlobalSection(SolutionConfigurationPlatforms) = preSolution
		Debug|Any CPU = Debug|Any CPU
		Release|Any CPU = Release|Any CPU
	EndGlobalSection
	GlobalSection(ProjectConfigurationPlatforms) = postSolution
		{F55AEED3-2C95-4FE5-0F13-F33116DBBD29}.Debug|Any CPU.ActiveCfg = Debug|Any CPU
		{F55AEED3-2C95-4FE5-0F13-F33116DBBD29}.Debug|Any CPU.Build.0 = Debug|Any CPU
		{F55AEED3-2C95-4FE5-0F13-F33116DBBD29}.Release|Any CPU.ActiveCfg = Release|Any CPU
		{F55AEED3-2C95-4FE5-0F13-F33116DBBD29}.Release|Any CPU.Build.0 = Release|Any CPU
		{8004907C-3333-7B78-A179-9F859E2AF100}.Debug|Any CPU.ActiveCfg = Debug|Any CPU
		{8004907C-3333-7B78-A179-9F859E2AF100}.Debug|Any CPU.Build.0 = Debug|Any CPU
		{8004907C-3333-7B78-A179-9F859E2AF100}.Release|Any CPU.ActiveCfg = Release|Any CPU
		{8004907C-3333-7B78-A179-9F859E2AF100}.Release|Any CPU.Build.0 = Release|Any CPU
	EndGlobalSection
	GlobalSection(SolutionProperties) = preSolution
		HideSolutionNode = FALSE
	EndGlobalSection
EndGlobal
